
Microsoft Visual Studio Solution File, Format Version 12.00
# Visual Studio Version 16
VisualStudioVersion = 16.0.30503.244
MinimumVisualStudioVersion = 10.0.40219.1
Project("{FAE04EC0-301F-11D3-BF4B-00C04F79EFBC}") = "InLectureDemo", "InLectureDemo\InLectureDemo.csproj", "{83E92F8D-5F10-4C46-9102-E968908D2AEC}"
EndProject
Project("{9A19103F-16F7-4668-BE54-9A1E7A4F7556}") = "Employee", "Employee\Employee.csproj", "{7E46DFF7-EB94-43BF-83C8-4651796DA42E}"
EndProject
Project("{9A19103F-16F7-4668-BE54-9A1E7A4F7556}") = "Lab8", "Lab8\Lab8.csproj", "{98C72144-4D0E-4557-A84D-BB00C0CE7682}"
EndProject
Project("{FAE04EC0-301F-11D3-BF4B-00C04F79EFBC}") = "Lab8Q3", "Lab8Q3\Lab8Q3.csproj", "{8B3B67F6-FAFE-420F-B95E-4F967DF5B0B9}"
EndProject
Project("{FAE04EC0-301F-11D3-BF4B-00C04F79EFBC}") = "Lab8Q2", "Lab8Q2\Lab8Q2.csproj", "{604D6921-CDD2-40D3-BA92-487C694DFAF7}"
EndProject
Global
	GlobalSection(SolutionConfigurationPlatforms) = preSolution
		Debug|Any CPU = Debug|Any CPU
		Release|Any CPU = Release|Any CPU
	EndGlobalSection
	GlobalSection(ProjectConfigurationPlatforms) = postSolution
		{83E92F8D-5F10-4C46-9102-E968908D2AEC}.Debug|Any CPU.ActiveCfg = Debug|Any CPU
		{83E92F8D-5F10-4C46-9102-E968908D2AEC}.Debug|Any CPU.Build.0 = Debug|Any CPU
		{83E92F8D-5F10-4C46-9102-E968908D2AEC}.Release|Any CPU.ActiveCfg = Release|Any CPU
		{83E92F8D-5F10-4C46-9102-E968908D2AEC}.Release|Any CPU.Build.0 = Release|Any CPU
		{7E46DFF7-EB94-43BF-83C8-4651796DA42E}.Debug|Any CPU.ActiveCfg = Debug|Any CPU
		{7E46DFF7-EB94-43BF-83C8-4651796DA42E}.Debug|Any CPU.Build.0 = Debug|Any CPU
		{7E46DFF7-EB94-43BF-83C8-4651796DA42E}.Release|Any CPU.ActiveCfg = Release|Any CPU
		{7E46DFF7-EB94-43BF-83C8-4651796DA42E}.Release|Any CPU.Build.0 = Release|Any CPU
		{98C72144-4D0E-4557-A84D-BB00C0CE7682}.Debug|Any CPU.ActiveCfg = Debug|Any CPU
		{98C72144-4D0E-4557-A84D-BB00C0CE7682}.Debug|Any CPU.Build.0 = Debug|Any CPU
		{98C72144-4D0E-4557-A84D-BB00C0CE7682}.Release|Any CPU.ActiveCfg = Release|Any CPU
		{98C72144-4D0E-4557-A84D-BB00C0CE7682}.Release|Any CPU.Build.0 = Release|Any CPU
		{8B3B67F6-FAFE-420F-B95E-4F967DF5B0B9}.Debug|Any CPU.ActiveCfg = Debug|Any CPU
		{8B3B67F6-FAFE-420F-B95E-4F967DF5B0B9}.Debug|Any CPU.Build.0 = Debug|Any CPU
		{8B3B67F6-FAFE-420F-B95E-4F967DF5B0B9}.Release|Any CPU.ActiveCfg = Release|Any CPU
		{8B3B67F6-FAFE-420F-B95E-4F967DF5B0B9}.Release|Any CPU.Build.0 = Release|Any CPU
		{604D6921-CDD2-40D3-BA92-487C694DFAF7}.Debug|Any CPU.ActiveCfg = Debug|Any CPU
		{604D6921-CDD2-40D3-BA92-487C694DFAF7}.Debug|Any CPU.Build.0 = Debug|Any CPU
		{604D6921-CDD2-40D3-BA92-487C694DFAF7}.Release|Any CPU.ActiveCfg = Release|Any CPU
		{604D6921-CDD2-40D3-BA92-487C694DFAF7}.Release|Any CPU.Build.0 = Release|Any CPU
	EndGlobalSection
	GlobalSection(SolutionProperties) = preSolution
		HideSolutionNode = FALSE
	EndGlobalSection
	GlobalSection(ExtensibilityGlobals) = postSolution
		SolutionGuid = {98C8665C-3E2B-4024-A94C-2B2D9CE3AC0B}
	EndGlobalSection
EndGlobal
